
Microsoft Visual Studio Solution File, Format Version 12.00
# Visual Studio Version 16
VisualStudioVersion = 16.0.31624.102
MinimumVisualStudioVersion = 10.0.40219.1
Project("{8BC9CEB8-8B4A-11D0-8D11-00A0C91BC942}") = "pedump", "pedump\pedump.vcxproj", "{CC8413A2-A78F-4A00-802C-7DAEA133207D}"
EndProject
Global
	GlobalSection(SolutionConfigurationPlatforms) = preSolution
		Debug|x64 = Debug|x64
		Debug|x86 = Debug|x86
		Release|x64 = Release|x64
		Release|x86 = Release|x86
	EndGlobalSection
	GlobalSection(ProjectConfigurationPlatforms) = postSolution
		{CC8413A2-A78F-4A00-802C-7DAEA133207D}.Debug|x64.ActiveCfg = Debug|x64
		{CC8413A2-A78F-4A00-802C-7DAEA133207D}.Debug|x64.Build.0 = Debug|x64
		{CC8413A2-A78F-4A00-802C-7DAEA133207D}.Debug|x86.ActiveCfg = Debug|Win32
		{CC8413A2-A78F-4A00-802C-7DAEA133207D}.Debug|x86.Build.0 = Debug|Win32
		{CC8413A2-A78F-4A00-802C-7DAEA133207D}.Release|x64.ActiveCfg = Release|x64
		{CC8413A2-A78F-4A00-802C-7DAEA133207D}.Release|x64.Build.0 = Release|x64
		{CC8413A2-A78F-4A00-802C-7DAEA133207D}.Release|x86.ActiveCfg = Release|Win32
		{CC8413A2-A78F-4A00-802C-7DAEA133207D}.Release|x86.Build.0 = Release|Win32
	EndGlobalSection
	GlobalSection(SolutionProperties) = preSolution
		HideSolutionNode = FALSE
	EndGlobalSection
	GlobalSection(ExtensibilityGlobals) = postSolution
		SolutionGuid = {3B3CD095-3D18-4E21-8E82-81F6B7DAD70C}
	EndGlobalSection
EndGlobal
